
Microsoft Visual Studio Solution File, Format Version 12.00
# Visual Studio Version 17
VisualStudioVersion = 17.3.32929.385
MinimumVisualStudioVersion = 10.0.40219.1
Project("{FAE04EC0-301F-11D3-BF4B-00C04F79EFBC}") = "DivideByM", "DivideByM\DivideByM.csproj", "{5AC9D41F-36E5-44A9-9442-6962BE07CC1C}"
EndProject
Global
	GlobalSection(SolutionConfigurationPlatforms) = preSolution
		Debug|Any CPU = Debug|Any CPU
		Release|Any CPU = Release|Any CPU
	EndGlobalSection
	GlobalSection(ProjectConfigurationPlatforms) = postSolution
		{5AC9D41F-36E5-44A9-9442-6962BE07CC1C}.Debug|Any CPU.ActiveCfg = Debug|Any CPU
		{5AC9D41F-36E5-44A9-9442-6962BE07CC1C}.Debug|Any CPU.Build.0 = Debug|Any CPU
		{5AC9D41F-36E5-44A9-9442-6962BE07CC1C}.Release|Any CPU.ActiveCfg = Release|Any CPU
		{5AC9D41F-36E5-44A9-9442-6962BE07CC1C}.Release|Any CPU.Build.0 = Release|Any CPU
	EndGlobalSection
	GlobalSection(SolutionProperties) = preSolution
		HideSolutionNode = FALSE
	EndGlobalSection
	GlobalSection(ExtensibilityGlobals) = postSolution
		SolutionGuid = {8888D604-AE5D-4CA4-B84F-2617D4E47EB7}
	EndGlobalSection
EndGlobal
